
Microsoft Visual Studio Solution File, Format Version 12.00
# Visual Studio 2013
VisualStudioVersion = 12.0.31101.0
MinimumVisualStudioVersion = 10.0.40219.1
Project("{FAE04EC0-301F-11D3-BF4B-00C04F79EFBC}") = "Graph", "Graph\Graph.csproj", "{D75E2EF2-169D-45BC-A3A6-0447A450C651}"
EndProject
Project("{FAE04EC0-301F-11D3-BF4B-00C04F79EFBC}") = "UnitTests", "UnitTests\UnitTests.csproj", "{C1807E3B-7BDA-4AE0-9983-E151188ACA46}"
EndProject
Global
	GlobalSection(SolutionConfigurationPlatforms) = preSolution
		Debug|Any CPU = Debug|Any CPU
		Release|Any CPU = Release|Any CPU
	EndGlobalSection
	GlobalSection(ProjectConfigurationPlatforms) = postSolution
		{D75E2EF2-169D-45BC-A3A6-0447A450C651}.Debug|Any CPU.ActiveCfg = Debug|Any CPU
		{D75E2EF2-169D-45BC-A3A6-0447A450C651}.Debug|Any CPU.Build.0 = Debug|Any CPU
		{D75E2EF2-169D-45BC-A3A6-0447A450C651}.Release|Any CPU.ActiveCfg = Release|Any CPU
		{D75E2EF2-169D-45BC-A3A6-0447A450C651}.Release|Any CPU.Build.0 = Release|Any CPU
		{C1807E3B-7BDA-4AE0-9983-E151188ACA46}.Debug|Any CPU.ActiveCfg = Debug|Any CPU
		{C1807E3B-7BDA-4AE0-9983-E151188ACA46}.Debug|Any CPU.Build.0 = Debug|Any CPU
		{C1807E3B-7BDA-4AE0-9983-E151188ACA46}.Release|Any CPU.ActiveCfg = Release|Any CPU
		{C1807E3B-7BDA-4AE0-9983-E151188ACA46}.Release|Any CPU.Build.0 = Release|Any CPU
	EndGlobalSection
	GlobalSection(SolutionProperties) = preSolution
		HideSolutionNode = FALSE
	EndGlobalSection
EndGlobal
